
Microsoft Visual Studio Solution File, Format Version 12.00
# Visual Studio Version 17
VisualStudioVersion = 17.12.35527.113
MinimumVisualStudioVersion = 10.0.40219.1
Project("{FAE04EC0-301F-11D3-BF4B-00C04F79EFBC}") = "OOP_Introduction", "OOP_Introduction\OOP_Introduction.csproj", "{1C9F3A5A-37DC-4707-B3ED-5A3CFDDAC8D7}"
EndProject
Project("{2150E333-8FDC-42A3-9474-1A3956D46DE8}") = "Solution Items", "Solution Items", "{A33B7829-BBB8-4F92-BD21-1A587415E709}"
	ProjectSection(SolutionItems) = preProject
		Readme.md = Readme.md
	EndProjectSection
EndProject
Project("{FAE04EC0-301F-11D3-BF4B-00C04F79EFBC}") = "OOP_Inheritance", "OOP_Inheritance\OOP_Inheritance.csproj", "{78D07E71-8E1C-4B60-925C-EB4DA783AB00}"
EndProject
Global
	GlobalSection(SolutionConfigurationPlatforms) = preSolution
		Debug|Any CPU = Debug|Any CPU
		Release|Any CPU = Release|Any CPU
	EndGlobalSection
	GlobalSection(ProjectConfigurationPlatforms) = postSolution
		{1C9F3A5A-37DC-4707-B3ED-5A3CFDDAC8D7}.Debug|Any CPU.ActiveCfg = Debug|Any CPU
		{1C9F3A5A-37DC-4707-B3ED-5A3CFDDAC8D7}.Debug|Any CPU.Build.0 = Debug|Any CPU
		{1C9F3A5A-37DC-4707-B3ED-5A3CFDDAC8D7}.Release|Any CPU.ActiveCfg = Release|Any CPU
		{1C9F3A5A-37DC-4707-B3ED-5A3CFDDAC8D7}.Release|Any CPU.Build.0 = Release|Any CPU
		{78D07E71-8E1C-4B60-925C-EB4DA783AB00}.Debug|Any CPU.ActiveCfg = Debug|Any CPU
		{78D07E71-8E1C-4B60-925C-EB4DA783AB00}.Debug|Any CPU.Build.0 = Debug|Any CPU
		{78D07E71-8E1C-4B60-925C-EB4DA783AB00}.Release|Any CPU.ActiveCfg = Release|Any CPU
		{78D07E71-8E1C-4B60-925C-EB4DA783AB00}.Release|Any CPU.Build.0 = Release|Any CPU
	EndGlobalSection
	GlobalSection(SolutionProperties) = preSolution
		HideSolutionNode = FALSE
	EndGlobalSection
EndGlobal
