
Microsoft Visual Studio Solution File, Format Version 12.00
# Visual Studio Version 17
VisualStudioVersion = 17.12.35527.113
MinimumVisualStudioVersion = 10.0.40219.1
Project("{FAE04EC0-301F-11D3-BF4B-00C04F79EFBC}") = "OOP_Introduction", "OOP_Introduction\OOP_Introduction.csproj", "{1C9F3A5A-37DC-4707-B3ED-5A3CFDDAC8D7}"
EndProject
Project("{2150E333-8FDC-42A3-9474-1A3956D46DE8}") = "Solution Items", "Solution Items", "{A33B7829-BBB8-4F92-BD21-1A587415E709}"
	ProjectSection(SolutionItems) = preProject
		Readme.md = Readme.md
	EndProjectSection
EndProject
Project("{FAE04EC0-301F-11D3-BF4B-00C04F79EFBC}") = "OOP_Inheritance", "OOP_Inheritance\OOP_Inheritance.csproj", "{78D07E71-8E1C-4B60-925C-EB4DA783AB00}"
EndProject
Project("{FAE04EC0-301F-11D3-BF4B-00C04F79EFBC}") = "OOP_Constructor", "OOP_Constructor\OOP_Constructor.csproj", "{F8D30E14-DE4A-41C3-A22C-C1A686384F77}"
EndProject
Project("{FAE04EC0-301F-11D3-BF4B-00C04F79EFBC}") = "OOP_Polymorphism", "OOP_Polymorphism\OOP_Polymorphism.csproj", "{3F81AC53-D1FB-4577-B40D-A572725DB139}"
EndProject
Project("{FAE04EC0-301F-11D3-BF4B-00C04F79EFBC}") = "OOP_Abstraction", "OOP_Abstraction\OOP_Abstraction.csproj", "{19DA0CF9-4C00-4AB4-895E-C3F1DA0BE03F}"
EndProject
Project("{FAE04EC0-301F-11D3-BF4B-00C04F79EFBC}") = "Eray_OOP_Alistirma", "Eray_OOP_Alistirma\Eray_OOP_Alistirma.csproj", "{FE42C38C-6BAF-4C70-B3E8-1C4CBB53F418}"
EndProject
Project("{2150E333-8FDC-42A3-9474-1A3956D46DE8}") = "OOP_tekrar", "OOP_tekrar", "{81BD5F69-A647-405F-8CD7-A15786C7CED2}"
EndProject
Project("{2150E333-8FDC-42A3-9474-1A3956D46DE8}") = "Alistirmalar", "Alistirmalar", "{BD50A4BA-40B9-4B17-A159-5A8AEB1B1F51}"
EndProject
Project("{FAE04EC0-301F-11D3-BF4B-00C04F79EFBC}") = "OOP_Interface", "OOP_Interface\OOP_Interface.csproj", "{AFAB1F77-A6AA-4091-A272-30F617F833F1}"
EndProject
Project("{FAE04EC0-301F-11D3-BF4B-00C04F79EFBC}") = "Futbol_Takimi", "Futbol_Takimi\Futbol_Takimi.csproj", "{124362E7-3DAD-4183-B928-D27DD73BC649}"
EndProject
Project("{FAE04EC0-301F-11D3-BF4B-00C04F79EFBC}") = "OOP_FutbolTakim", "OOP_FutbolTakim\OOP_FutbolTakim.csproj", "{F3CDA637-0494-4472-859C-D9C3DA982536}"
EndProject
Project("{FAE04EC0-301F-11D3-BF4B-00C04F79EFBC}") = "Product_Crud", "Product_Crud\Product_Crud.csproj", "{AF761C49-ABA6-4E7F-BB4D-92636A155242}"
EndProject
Project("{FAE04EC0-301F-11D3-BF4B-00C04F79EFBC}") = "KahveDukkani", "KahveDukkani\KahveDukkani.csproj", "{2221AA0C-4D2B-499D-84AD-B03049936958}"
EndProject
Global
	GlobalSection(SolutionConfigurationPlatforms) = preSolution
		Debug|Any CPU = Debug|Any CPU
		Release|Any CPU = Release|Any CPU
	EndGlobalSection
	GlobalSection(ProjectConfigurationPlatforms) = postSolution
		{1C9F3A5A-37DC-4707-B3ED-5A3CFDDAC8D7}.Debug|Any CPU.ActiveCfg = Debug|Any CPU
		{1C9F3A5A-37DC-4707-B3ED-5A3CFDDAC8D7}.Debug|Any CPU.Build.0 = Debug|Any CPU
		{1C9F3A5A-37DC-4707-B3ED-5A3CFDDAC8D7}.Release|Any CPU.ActiveCfg = Release|Any CPU
		{1C9F3A5A-37DC-4707-B3ED-5A3CFDDAC8D7}.Release|Any CPU.Build.0 = Release|Any CPU
		{78D07E71-8E1C-4B60-925C-EB4DA783AB00}.Debug|Any CPU.ActiveCfg = Debug|Any CPU
		{78D07E71-8E1C-4B60-925C-EB4DA783AB00}.Debug|Any CPU.Build.0 = Debug|Any CPU
		{78D07E71-8E1C-4B60-925C-EB4DA783AB00}.Release|Any CPU.ActiveCfg = Release|Any CPU
		{78D07E71-8E1C-4B60-925C-EB4DA783AB00}.Release|Any CPU.Build.0 = Release|Any CPU
		{F8D30E14-DE4A-41C3-A22C-C1A686384F77}.Debug|Any CPU.ActiveCfg = Debug|Any CPU
		{F8D30E14-DE4A-41C3-A22C-C1A686384F77}.Debug|Any CPU.Build.0 = Debug|Any CPU
		{F8D30E14-DE4A-41C3-A22C-C1A686384F77}.Release|Any CPU.ActiveCfg = Release|Any CPU
		{F8D30E14-DE4A-41C3-A22C-C1A686384F77}.Release|Any CPU.Build.0 = Release|Any CPU
		{3F81AC53-D1FB-4577-B40D-A572725DB139}.Debug|Any CPU.ActiveCfg = Debug|Any CPU
		{3F81AC53-D1FB-4577-B40D-A572725DB139}.Debug|Any CPU.Build.0 = Debug|Any CPU
		{3F81AC53-D1FB-4577-B40D-A572725DB139}.Release|Any CPU.ActiveCfg = Release|Any CPU
		{3F81AC53-D1FB-4577-B40D-A572725DB139}.Release|Any CPU.Build.0 = Release|Any CPU
		{19DA0CF9-4C00-4AB4-895E-C3F1DA0BE03F}.Debug|Any CPU.ActiveCfg = Debug|Any CPU
		{19DA0CF9-4C00-4AB4-895E-C3F1DA0BE03F}.Debug|Any CPU.Build.0 = Debug|Any CPU
		{19DA0CF9-4C00-4AB4-895E-C3F1DA0BE03F}.Release|Any CPU.ActiveCfg = Release|Any CPU
		{19DA0CF9-4C00-4AB4-895E-C3F1DA0BE03F}.Release|Any CPU.Build.0 = Release|Any CPU
		{FE42C38C-6BAF-4C70-B3E8-1C4CBB53F418}.Debug|Any CPU.ActiveCfg = Debug|Any CPU
		{FE42C38C-6BAF-4C70-B3E8-1C4CBB53F418}.Debug|Any CPU.Build.0 = Debug|Any CPU
		{FE42C38C-6BAF-4C70-B3E8-1C4CBB53F418}.Release|Any CPU.ActiveCfg = Release|Any CPU
		{FE42C38C-6BAF-4C70-B3E8-1C4CBB53F418}.Release|Any CPU.Build.0 = Release|Any CPU
		{AFAB1F77-A6AA-4091-A272-30F617F833F1}.Debug|Any CPU.ActiveCfg = Debug|Any CPU
		{AFAB1F77-A6AA-4091-A272-30F617F833F1}.Debug|Any CPU.Build.0 = Debug|Any CPU
		{AFAB1F77-A6AA-4091-A272-30F617F833F1}.Release|Any CPU.ActiveCfg = Release|Any CPU
		{AFAB1F77-A6AA-4091-A272-30F617F833F1}.Release|Any CPU.Build.0 = Release|Any CPU
		{124362E7-3DAD-4183-B928-D27DD73BC649}.Debug|Any CPU.ActiveCfg = Debug|Any CPU
		{124362E7-3DAD-4183-B928-D27DD73BC649}.Debug|Any CPU.Build.0 = Debug|Any CPU
		{124362E7-3DAD-4183-B928-D27DD73BC649}.Release|Any CPU.ActiveCfg = Release|Any CPU
		{124362E7-3DAD-4183-B928-D27DD73BC649}.Release|Any CPU.Build.0 = Release|Any CPU
		{F3CDA637-0494-4472-859C-D9C3DA982536}.Debug|Any CPU.ActiveCfg = Debug|Any CPU
		{F3CDA637-0494-4472-859C-D9C3DA982536}.Debug|Any CPU.Build.0 = Debug|Any CPU
		{F3CDA637-0494-4472-859C-D9C3DA982536}.Release|Any CPU.ActiveCfg = Release|Any CPU
		{F3CDA637-0494-4472-859C-D9C3DA982536}.Release|Any CPU.Build.0 = Release|Any CPU
		{AF761C49-ABA6-4E7F-BB4D-92636A155242}.Debug|Any CPU.ActiveCfg = Debug|Any CPU
		{AF761C49-ABA6-4E7F-BB4D-92636A155242}.Debug|Any CPU.Build.0 = Debug|Any CPU
		{AF761C49-ABA6-4E7F-BB4D-92636A155242}.Release|Any CPU.ActiveCfg = Release|Any CPU
		{AF761C49-ABA6-4E7F-BB4D-92636A155242}.Release|Any CPU.Build.0 = Release|Any CPU
		{2221AA0C-4D2B-499D-84AD-B03049936958}.Debug|Any CPU.ActiveCfg = Debug|Any CPU
		{2221AA0C-4D2B-499D-84AD-B03049936958}.Debug|Any CPU.Build.0 = Debug|Any CPU
		{2221AA0C-4D2B-499D-84AD-B03049936958}.Release|Any CPU.ActiveCfg = Release|Any CPU
		{2221AA0C-4D2B-499D-84AD-B03049936958}.Release|Any CPU.Build.0 = Release|Any CPU
	EndGlobalSection
	GlobalSection(SolutionProperties) = preSolution
		HideSolutionNode = FALSE
	EndGlobalSection
	GlobalSection(NestedProjects) = preSolution
		{1C9F3A5A-37DC-4707-B3ED-5A3CFDDAC8D7} = {81BD5F69-A647-405F-8CD7-A15786C7CED2}
		{78D07E71-8E1C-4B60-925C-EB4DA783AB00} = {81BD5F69-A647-405F-8CD7-A15786C7CED2}
		{F8D30E14-DE4A-41C3-A22C-C1A686384F77} = {81BD5F69-A647-405F-8CD7-A15786C7CED2}
		{3F81AC53-D1FB-4577-B40D-A572725DB139} = {81BD5F69-A647-405F-8CD7-A15786C7CED2}
		{19DA0CF9-4C00-4AB4-895E-C3F1DA0BE03F} = {81BD5F69-A647-405F-8CD7-A15786C7CED2}
		{FE42C38C-6BAF-4C70-B3E8-1C4CBB53F418} = {BD50A4BA-40B9-4B17-A159-5A8AEB1B1F51}
		{AFAB1F77-A6AA-4091-A272-30F617F833F1} = {81BD5F69-A647-405F-8CD7-A15786C7CED2}
		{124362E7-3DAD-4183-B928-D27DD73BC649} = {BD50A4BA-40B9-4B17-A159-5A8AEB1B1F51}
		{F3CDA637-0494-4472-859C-D9C3DA982536} = {81BD5F69-A647-405F-8CD7-A15786C7CED2}
		{AF761C49-ABA6-4E7F-BB4D-92636A155242} = {BD50A4BA-40B9-4B17-A159-5A8AEB1B1F51}
		{2221AA0C-4D2B-499D-84AD-B03049936958} = {BD50A4BA-40B9-4B17-A159-5A8AEB1B1F51}
	EndGlobalSection
	GlobalSection(ExtensibilityGlobals) = postSolution
		SolutionGuid = {FC731230-7D94-43A7-A6A0-6BC2008F0C47}
	EndGlobalSection
EndGlobal
